Microsoft Visual Studio Solution File, Format Version 12.00
# Visual Studio Version 17
VisualStudioVersion = 17.5.2.0
MinimumVisualStudioVersion = 10.0.40219.1
Project("{FAE04EC0-301F-11D3-BF4B-00C04F79EFBC}") = "MauiAppHotel", "MauiAppHotel.csproj", "{376C4DDD-B906-3E2C-072D-97915E55B62A}"
EndProject
Global
	GlobalSection(SolutionConfigurationPlatforms) = preSolution
		Debug|Any CPU = Debug|Any CPU
		Release|Any CPU = Release|Any CPU
	EndGlobalSection
	GlobalSection(ProjectConfigurationPlatforms) = postSolution
		{376C4DDD-B906-3E2C-072D-97915E55B62A}.Debug|Any CPU.ActiveCfg = Debug|Any CPU
		{376C4DDD-B906-3E2C-072D-97915E55B62A}.Debug|Any CPU.Build.0 = Debug|Any CPU
		{376C4DDD-B906-3E2C-072D-97915E55B62A}.Release|Any CPU.ActiveCfg = Release|Any CPU
		{376C4DDD-B906-3E2C-072D-97915E55B62A}.Release|Any CPU.Build.0 = Release|Any CPU
	EndGlobalSection
	GlobalSection(SolutionProperties) = preSolution
		HideSolutionNode = FALSE
	EndGlobalSection
	GlobalSection(ExtensibilityGlobals) = postSolution
		SolutionGuid = {E0359E6D-2B03-4A83-89D0-274E4079B09F}
	EndGlobalSection
EndGlobal
